// !$*UTF8*$!
{
	archiveVersion = 1;
	classes = {
	};
	objectVersion = 56;
	objects = {

/* Begin PBXBuildFile section */
		9392A7BB2C5DEBC60015DD01 /* AppDelegate.swift in Sources */ = {isa = PBXBuildFile; fileRef = 9392A7BA2C5DEBC60015DD01 /* AppDelegate.swift */; };
		9392A7BD2C5DEBC60015DD01 /* SceneDelegate.swift in Sources */ = {isa = PBXBuildFile; fileRef = 9392A7BC2C5DEBC60015DD01 /* SceneDelegate.swift */; };
		9392A7BF2C5DEBC60015DD01 /* ReposViewController.swift in Sources */ = {isa = PBXBuildFile; fileRef = 9392A7BE2C5DEBC60015DD01 /* ReposViewController.swift */; };
		9392A7C42C5DEBC90015DD01 /* Assets.xcassets in Resources */ = {isa = PBXBuildFile; fileRef = 9392A7C32C5DEBC90015DD01 /* Assets.xcassets */; };
		9392A7C72C5DEBC90015DD01 /* LaunchScreen.storyboard in Resources */ = {isa = PBXBuildFile; fileRef = 9392A7C52C5DEBC90015DD01 /* LaunchScreen.storyboard */; };
		9392A7F52C5E06580015DD01 /* Repository.swift in Sources */ = {isa = PBXBuildFile; fileRef = 9392A7F42C5E06580015DD01 /* Repository.swift */; };
		9392A7F72C5E06B80015DD01 /* GitHubService.swift in Sources */ = {isa = PBXBuildFile; fileRef = 9392A7F62C5E06B80015DD01 /* GitHubService.swift */; };
		9392A7FA2C5E07090015DD01 /* GitHubServiceProtocol.swift in Sources */ = {isa = PBXBuildFile; fileRef = 9392A7F92C5E07090015DD01 /* GitHubServiceProtocol.swift */; };
		9392A7FD2C5E07460015DD01 /* NetworkError.swift in Sources */ = {isa = PBXBuildFile; fileRef = 9392A7FC2C5E07460015DD01 /* NetworkError.swift */; };
		9392A7FF2C5E0F000015DD01 /* GitHubServiceTests.swift in Sources */ = {isa = PBXBuildFile; fileRef = 9392A7FE2C5E0F000015DD01 /* GitHubServiceTests.swift */; };
		9392A8042C5E0FCA0015DD01 /* URLProtocolMock.swift in Sources */ = {isa = PBXBuildFile; fileRef = 9392A8032C5E0FCA0015DD01 /* URLProtocolMock.swift */; };
/* End PBXBuildFile section */

/* Begin PBXContainerItemProxy section */
		9392A7CE2C5DEBC90015DD01 /* PBXContainerItemProxy */ = {
			isa = PBXContainerItemProxy;
			containerPortal = 9392A7AF2C5DEBC60015DD01 /* Project object */;
			proxyType = 1;
			remoteGlobalIDString = 9392A7B62C5DEBC60015DD01;
			remoteInfo = GitHubRepository;
		};
/* End PBXContainerItemProxy section */

/* Begin PBXFileReference section */
		9392A7B72C5DEBC60015DD01 /* GitHubRepository.app */ = {isa = PBXFileReference; explicitFileType = wrapper.application; includeInIndex = 0; path = GitHubRepository.app; sourceTree = BUILT_PRODUCTS_DIR; };
		9392A7BA2C5DEBC60015DD01 /* AppDelegate.swift */ = {isa = PBXFileReference; lastKnownFileType = sourcecode.swift; path = AppDelegate.swift; sourceTree = "<group>"; };
		9392A7BC2C5DEBC60015DD01 /* SceneDelegate.swift */ = {isa = PBXFileReference; lastKnownFileType = sourcecode.swift; path = SceneDelegate.swift; sourceTree = "<group>"; };
		9392A7BE2C5DEBC60015DD01 /* ReposViewController.swift */ = {isa = PBXFileReference; lastKnownFileType = sourcecode.swift; path = ReposViewController.swift; sourceTree = "<group>"; };
		9392A7C32C5DEBC90015DD01 /* Assets.xcassets */ = {isa = PBXFileReference; lastKnownFileType = folder.assetcatalog; path = Assets.xcassets; sourceTree = "<group>"; };
		9392A7C62C5DEBC90015DD01 /* Base */ = {isa = PBXFileReference; lastKnownFileType = file.storyboard; name = Base; path = Base.lproj/LaunchScreen.storyboard; sourceTree = "<group>"; };
		9392A7C82C5DEBC90015DD01 /* Info.plist */ = {isa = PBXFileReference; lastKnownFileType = text.plist.xml; path = Info.plist; sourceTree = "<group>"; };
		9392A7CD2C5DEBC90015DD01 /* GitHubRepositoryTests.xctest */ = {isa = PBXFileReference; explicitFileType = wrapper.cfbundle; includeInIndex = 0; path = GitHubRepositoryTests.xctest; sourceTree = BUILT_PRODUCTS_DIR; };
		9392A7F42C5E06580015DD01 /* Repository.swift */ = {isa = PBXFileReference; lastKnownFileType = sourcecode.swift; path = Repository.swift; sourceTree = "<group>"; };
		9392A7F62C5E06B80015DD01 /* GitHubService.swift */ = {isa = PBXFileReference; lastKnownFileType = sourcecode.swift; path = GitHubService.swift; sourceTree = "<group>"; };
		9392A7F92C5E07090015DD01 /* GitHubServiceProtocol.swift */ = {isa = PBXFileReference; lastKnownFileType = sourcecode.swift; path = GitHubServiceProtocol.swift; sourceTree = "<group>"; };
		9392A7FC2C5E07460015DD01 /* NetworkError.swift */ = {isa = PBXFileReference; lastKnownFileType = sourcecode.swift; path = NetworkError.swift; sourceTree = "<group>"; };
		9392A7FE2C5E0F000015DD01 /* GitHubServiceTests.swift */ = {isa = PBXFileReference; lastKnownFileType = sourcecode.swift; path = GitHubServiceTests.swift; sourceTree = "<group>"; };
		9392A8032C5E0FCA0015DD01 /* URLProtocolMock.swift */ = {isa = PBXFileReference; lastKnownFileType = sourcecode.swift; path = URLProtocolMock.swift; sourceTree = "<group>"; };
/* End PBXFileReference section */

/* Begin PBXFrameworksBuildPhase section */
		9392A7B42C5DEBC60015DD01 /* Frameworks */ = {
			isa = PBXFrameworksBuildPhase;
			buildActionMask = 2147483647;
			files = (
			);
			runOnlyForDeploymentPostprocessing = 0;
		};
		9392A7CA2C5DEBC90015DD01 /* Frameworks */ = {
			isa = PBXFrameworksBuildPhase;
			buildActionMask = 2147483647;
			files = (
			);
			runOnlyForDeploymentPostprocessing = 0;
		};
/* End PBXFrameworksBuildPhase section */

/* Begin PBXGroup section */
		9392A7AE2C5DEBC60015DD01 = {
			isa = PBXGroup;
			children = (
				9392A7B92C5DEBC60015DD01 /* GitHubRepository */,
				9392A7D02C5DEBC90015DD01 /* GitHubRepositoryTests */,
				9392A7B82C5DEBC60015DD01 /* Products */,
			);
			sourceTree = "<group>";
		};
		9392A7B82C5DEBC60015DD01 /* Products */ = {
			isa = PBXGroup;
			children = (
				9392A7B72C5DEBC60015DD01 /* GitHubRepository.app */,
				9392A7CD2C5DEBC90015DD01 /* GitHubRepositoryTests.xctest */,
			);
			name = Products;
			sourceTree = "<group>";
		};
		9392A7B92C5DEBC60015DD01 /* GitHubRepository */ = {
			isa = PBXGroup;
			children = (
				9392A7F12C5DF0E10015DD01 /* App */,
				9392A7F02C5DF0CE0015DD01 /* API */,
				9392A7EF2C5DF0B30015DD01 /* Screens */,
				9392A7F32C5DF1020015DD01 /* Shared */,
				9392A7C32C5DEBC90015DD01 /* Assets.xcassets */,
				9392A7C52C5DEBC90015DD01 /* LaunchScreen.storyboard */,
				9392A7C82C5DEBC90015DD01 /* Info.plist */,
			);
			path = GitHubRepository;
			sourceTree = "<group>";
		};
		9392A7D02C5DEBC90015DD01 /* GitHubRepositoryTests */ = {
			isa = PBXGroup;
			children = (
				9392A8002C5E0F5A0015DD01 /* Service */,
			);
			path = GitHubRepositoryTests;
			sourceTree = "<group>";
		};
		9392A7EA2C5DF02A0015DD01 /* Repositories */ = {
			isa = PBXGroup;
			children = (
				9392A7EE2C5DF07E0015DD01 /* ViewController */,
				9392A7ED2C5DF0780015DD01 /* ViewModel */,
				9392A7EC2C5DF0710015DD01 /* Model */,
				9392A7EB2C5DF0620015DD01 /* View */,
			);
			path = Repositories;
			sourceTree = "<group>";
		};
		9392A7EB2C5DF0620015DD01 /* View */ = {
			isa = PBXGroup;
			children = (
			);
			path = View;
			sourceTree = "<group>";
		};
		9392A7EC2C5DF0710015DD01 /* Model */ = {
			isa = PBXGroup;
			children = (
				9392A7F42C5E06580015DD01 /* Repository.swift */,
			);
			path = Model;
			sourceTree = "<group>";
		};
		9392A7ED2C5DF0780015DD01 /* ViewModel */ = {
			isa = PBXGroup;
			children = (
			);
			path = ViewModel;
			sourceTree = "<group>";
		};
		9392A7EE2C5DF07E0015DD01 /* ViewController */ = {
			isa = PBXGroup;
			children = (
				9392A7BE2C5DEBC60015DD01 /* ReposViewController.swift */,
			);
			path = ViewController;
			sourceTree = "<group>";
		};
		9392A7EF2C5DF0B30015DD01 /* Screens */ = {
			isa = PBXGroup;
			children = (
				9392A7EA2C5DF02A0015DD01 /* Repositories */,
			);
			path = Screens;
			sourceTree = "<group>";
		};
		9392A7F02C5DF0CE0015DD01 /* API */ = {
			isa = PBXGroup;
			children = (
				9392A7FB2C5E072D0015DD01 /* Error */,
				9392A7F22C5DF0EC0015DD01 /* Service */,
			);
			path = API;
			sourceTree = "<group>";
		};
		9392A7F12C5DF0E10015DD01 /* App */ = {
			isa = PBXGroup;
			children = (
				9392A7BA2C5DEBC60015DD01 /* AppDelegate.swift */,
				9392A7BC2C5DEBC60015DD01 /* SceneDelegate.swift */,
			);
			path = App;
			sourceTree = "<group>";
		};
		9392A7F22C5DF0EC0015DD01 /* Service */ = {
			isa = PBXGroup;
			children = (
				9392A7F82C5E06F40015DD01 /* GitHub */,
			);
			path = Service;
			sourceTree = "<group>";
		};
		9392A7F32C5DF1020015DD01 /* Shared */ = {
			isa = PBXGroup;
			children = (
			);
			path = Shared;
			sourceTree = "<group>";
		};
		9392A7F82C5E06F40015DD01 /* GitHub */ = {
			isa = PBXGroup;
			children = (
				9392A7F62C5E06B80015DD01 /* GitHubService.swift */,
				9392A7F92C5E07090015DD01 /* GitHubServiceProtocol.swift */,
			);
			path = GitHub;
			sourceTree = "<group>";
		};
		9392A7FB2C5E072D0015DD01 /* Error */ = {
			isa = PBXGroup;
			children = (
				9392A7FC2C5E07460015DD01 /* NetworkError.swift */,
			);
			path = Error;
			sourceTree = "<group>";
		};
		9392A8002C5E0F5A0015DD01 /* Service */ = {
			isa = PBXGroup;
			children = (
				9392A7FE2C5E0F000015DD01 /* GitHubServiceTests.swift */,
				9392A8032C5E0FCA0015DD01 /* URLProtocolMock.swift */,
			);
			path = Service;
			sourceTree = "<group>";
		};
/* End PBXGroup section */

/* Begin PBXNativeTarget section */
		9392A7B62C5DEBC60015DD01 /* GitHubRepository */ = {
			isa = PBXNativeTarget;
			buildConfigurationList = 9392A7E12C5DEBC90015DD01 /* Build configuration list for PBXNativeTarget "GitHubRepository" */;
			buildPhases = (
				9392A7B32C5DEBC60015DD01 /* Sources */,
				9392A7B42C5DEBC60015DD01 /* Frameworks */,
				9392A7B52C5DEBC60015DD01 /* Resources */,
			);
			buildRules = (
			);
			dependencies = (
			);
			name = GitHubRepository;
			productName = GitHubRepository;
			productReference = 9392A7B72C5DEBC60015DD01 /* GitHubRepository.app */;
			productType = "com.apple.product-type.application";
		};
		9392A7CC2C5DEBC90015DD01 /* GitHubRepositoryTests */ = {
			isa = PBXNativeTarget;
			buildConfigurationList = 9392A7E42C5DEBC90015DD01 /* Build configuration list for PBXNativeTarget "GitHubRepositoryTests" */;
			buildPhases = (
				9392A7C92C5DEBC90015DD01 /* Sources */,
				9392A7CA2C5DEBC90015DD01 /* Frameworks */,
				9392A7CB2C5DEBC90015DD01 /* Resources */,
			);
			buildRules = (
			);
			dependencies = (
				9392A7CF2C5DEBC90015DD01 /* PBXTargetDependency */,
			);
			name = GitHubRepositoryTests;
			productName = GitHubRepositoryTests;
			productReference = 9392A7CD2C5DEBC90015DD01 /* GitHubRepositoryTests.xctest */;
			productType = "com.apple.product-type.bundle.unit-test";
		};
/* End PBXNativeTarget section */

/* Begin PBXProject section */
		9392A7AF2C5DEBC60015DD01 /* Project object */ = {
			isa = PBXProject;
			attributes = {
				BuildIndependentTargetsInParallel = 1;
				LastSwiftUpdateCheck = 1520;
				LastUpgradeCheck = 1520;
				TargetAttributes = {
					9392A7B62C5DEBC60015DD01 = {
						CreatedOnToolsVersion = 15.2;
					};
					9392A7CC2C5DEBC90015DD01 = {
						CreatedOnToolsVersion = 15.2;
						TestTargetID = 9392A7B62C5DEBC60015DD01;
					};
				};
			};
			buildConfigurationList = 9392A7B22C5DEBC60015DD01 /* Build configuration list for PBXProject "GitHubRepository" */;
			compatibilityVersion = "Xcode 14.0";
			developmentRegion = en;
			hasScannedForEncodings = 0;
			knownRegions = (
				en,
				Base,
			);
			mainGroup = 9392A7AE2C5DEBC60015DD01;
			productRefGroup = 9392A7B82C5DEBC60015DD01 /* Products */;
			projectDirPath = "";
			projectRoot = "";
			targets = (
				9392A7B62C5DEBC60015DD01 /* GitHubRepository */,
				9392A7CC2C5DEBC90015DD01 /* GitHubRepositoryTests */,
			);
		};
/* End PBXProject section */

/* Begin PBXResourcesBuildPhase section */
		9392A7B52C5DEBC60015DD01 /* Resources */ = {
			isa = PBXResourcesBuildPhase;
			buildActionMask = 2147483647;
			files = (
				9392A7C72C5DEBC90015DD01 /* LaunchScreen.storyboard in Resources */,
				9392A7C42C5DEBC90015DD01 /* Assets.xcassets in Resources */,
			);
			runOnlyForDeploymentPostprocessing = 0;
		};
		9392A7CB2C5DEBC90015DD01 /* Resources */ = {
			isa = PBXResourcesBuildPhase;
			buildActionMask = 2147483647;
			files = (
			);
			runOnlyForDeploymentPostprocessing = 0;
		};
/* End PBXResourcesBuildPhase section */

/* Begin PBXSourcesBuildPhase section */
		9392A7B32C5DEBC60015DD01 /* Sources */ = {
			isa = PBXSourcesBuildPhase;
			buildActionMask = 2147483647;
			files = (
				9392A7FA2C5E07090015DD01 /* GitHubServiceProtocol.swift in Sources */,
				9392A7FD2C5E07460015DD01 /* NetworkError.swift in Sources */,
				9392A7F72C5E06B80015DD01 /* GitHubService.swift in Sources */,
				9392A7BF2C5DEBC60015DD01 /* ReposViewController.swift in Sources */,
				9392A7BB2C5DEBC60015DD01 /* AppDelegate.swift in Sources */,
				9392A7BD2C5DEBC60015DD01 /* SceneDelegate.swift in Sources */,
				9392A7F52C5E06580015DD01 /* Repository.swift in Sources */,
			);
			runOnlyForDeploymentPostprocessing = 0;
		};
		9392A7C92C5DEBC90015DD01 /* Sources */ = {
			isa = PBXSourcesBuildPhase;
			buildActionMask = 2147483647;
			files = (
				9392A7FF2C5E0F000015DD01 /* GitHubServiceTests.swift in Sources */,
				9392A8042C5E0FCA0015DD01 /* URLProtocolMock.swift in Sources */,
			);
			runOnlyForDeploymentPostprocessing = 0;
		};
/* End PBXSourcesBuildPhase section */

/* Begin PBXTargetDependency section */
		9392A7CF2C5DEBC90015DD01 /* PBXTargetDependency */ = {
			isa = PBXTargetDependency;
			target = 9392A7B62C5DEBC60015DD01 /* GitHubRepository */;
			targetProxy = 9392A7CE2C5DEBC90015DD01 /* PBXContainerItemProxy */;
		};
/* End PBXTargetDependency section */

/* Begin PBXVariantGroup section */
		9392A7C52C5DEBC90015DD01 /* LaunchScreen.storyboard */ = {
			isa = PBXVariantGroup;
			children = (
				9392A7C62C5DEBC90015DD01 /* Base */,
			);
			name = LaunchScreen.storyboard;
			sourceTree = "<group>";
		};
/* End PBXVariantGroup section */

/* Begin XCBuildConfiguration section */
		9392A7DF2C5DEBC90015DD01 /* Debug */ = {
			isa = XCBuildConfiguration;
			buildSettings = {
				ALWAYS_SEARCH_USER_PATHS = NO;
				ASSETCATALOG_COMPILER_GENERATE_SWIFT_ASSET_SYMBOL_EXTENSIONS = YES;
				CLANG_ANALYZER_NONNULL = YES;
				CLANG_ANALYZER_NUMBER_OBJECT_CONVERSION = YES_AGGRESSIVE;
				CLANG_CXX_LANGUAGE_STANDARD = "gnu++20";
				CLANG_ENABLE_MODULES = YES;
				CLANG_ENABLE_OBJC_ARC = YES;
				CLANG_ENABLE_OBJC_WEAK = YES;
				CLANG_WARN_BLOCK_CAPTURE_AUTORELEASING = YES;
				CLANG_WARN_BOOL_CONVERSION = YES;
				CLANG_WARN_COMMA = YES;
				CLANG_WARN_CONSTANT_CONVERSION = YES;
				CLANG_WARN_DEPRECATED_OBJC_IMPLEMENTATIONS = YES;
				CLANG_WARN_DIRECT_OBJC_ISA_USAGE = YES_ERROR;
				CLANG_WARN_DOCUMENTATION_COMMENTS = YES;
				CLANG_WARN_EMPTY_BODY = YES;
				CLANG_WARN_ENUM_CONVERSION = YES;
				CLANG_WARN_INFINITE_RECURSION = YES;
				CLANG_WARN_INT_CONVERSION = YES;
				CLANG_WARN_NON_LITERAL_NULL_CONVERSION = YES;
				CLANG_WARN_OBJC_IMPLICIT_RETAIN_SELF = YES;
				CLANG_WARN_OBJC_LITERAL_CONVERSION = YES;
				CLANG_WARN_OBJC_ROOT_CLASS = YES_ERROR;
				CLANG_WARN_QUOTED_INCLUDE_IN_FRAMEWORK_HEADER = YES;
				CLANG_WARN_RANGE_LOOP_ANALYSIS = YES;
				CLANG_WARN_STRICT_PROTOTYPES = YES;
				CLANG_WARN_SUSPICIOUS_MOVE = YES;
				CLANG_WARN_UNGUARDED_AVAILABILITY = YES_AGGRESSIVE;
				CLANG_WARN_UNREACHABLE_CODE = YES;
				CLANG_WARN__DUPLICATE_METHOD_MATCH = YES;
				COPY_PHASE_STRIP = NO;
				DEBUG_INFORMATION_FORMAT = dwarf;
				ENABLE_STRICT_OBJC_MSGSEND = YES;
				ENABLE_TESTABILITY = YES;
				ENABLE_USER_SCRIPT_SANDBOXING = YES;
				GCC_C_LANGUAGE_STANDARD = gnu17;
				GCC_DYNAMIC_NO_PIC = NO;
				GCC_NO_COMMON_BLOCKS = YES;
				GCC_OPTIMIZATION_LEVEL = 0;
				GCC_PREPROCESSOR_DEFINITIONS = (
					"DEBUG=1",
					"$(inherited)",
				);
				GCC_WARN_64_TO_32_BIT_CONVERSION = YES;
				GCC_WARN_ABOUT_RETURN_TYPE = YES_ERROR;
				GCC_WARN_UNDECLARED_SELECTOR = YES;
				GCC_WARN_UNINITIALIZED_AUTOS = YES_AGGRESSIVE;
				GCC_WARN_UNUSED_FUNCTION = YES;
				GCC_WARN_UNUSED_VARIABLE = YES;
				IPHONEOS_DEPLOYMENT_TARGET = 17.2;
				LOCALIZATION_PREFERS_STRING_CATALOGS = YES;
				MTL_ENABLE_DEBUG_INFO = INCLUDE_SOURCE;
				MTL_FAST_MATH = YES;
				ONLY_ACTIVE_ARCH = YES;
				SDKROOT = iphoneos;
				SWIFT_ACTIVE_COMPILATION_CONDITIONS = "DEBUG $(inherited)";
				SWIFT_OPTIMIZATION_LEVEL = "-Onone";
			};
			name = Debug;
		};
		9392A7E02C5DEBC90015DD01 /* Release */ = {
			isa = XCBuildConfiguration;
			buildSettings = {
				ALWAYS_SEARCH_USER_PATHS = NO;
				ASSETCATALOG_COMPILER_GENERATE_SWIFT_ASSET_SYMBOL_EXTENSIONS = YES;
				CLANG_ANALYZER_NONNULL = YES;
				CLANG_ANALYZER_NUMBER_OBJECT_CONVERSION = YES_AGGRESSIVE;
				CLANG_CXX_LANGUAGE_STANDARD = "gnu++20";
				CLANG_ENABLE_MODULES = YES;
				CLANG_ENABLE_OBJC_ARC = YES;
				CLANG_ENABLE_OBJC_WEAK = YES;
				CLANG_WARN_BLOCK_CAPTURE_AUTORELEASING = YES;
				CLANG_WARN_BOOL_CONVERSION = YES;
				CLANG_WARN_COMMA = YES;
				CLANG_WARN_CONSTANT_CONVERSION = YES;
				CLANG_WARN_DEPRECATED_OBJC_IMPLEMENTATIONS = YES;
				CLANG_WARN_DIRECT_OBJC_ISA_USAGE = YES_ERROR;
				CLANG_WARN_DOCUMENTATION_COMMENTS = YES;
				CLANG_WARN_EMPTY_BODY = YES;
				CLANG_WARN_ENUM_CONVERSION = YES;
				CLANG_WARN_INFINITE_RECURSION = YES;
				CLANG_WARN_INT_CONVERSION = YES;
				CLANG_WARN_NON_LITERAL_NULL_CONVERSION = YES;
				CLANG_WARN_OBJC_IMPLICIT_RETAIN_SELF = YES;
				CLANG_WARN_OBJC_LITERAL_CONVERSION = YES;
				CLANG_WARN_OBJC_ROOT_CLASS = YES_ERROR;
				CLANG_WARN_QUOTED_INCLUDE_IN_FRAMEWORK_HEADER = YES;
				CLANG_WARN_RANGE_LOOP_ANALYSIS = YES;
				CLANG_WARN_STRICT_PROTOTYPES = YES;
				CLANG_WARN_SUSPICIOUS_MOVE = YES;
				CLANG_WARN_UNGUARDED_AVAILABILITY = YES_AGGRESSIVE;
				CLANG_WARN_UNREACHABLE_CODE = YES;
				CLANG_WARN__DUPLICATE_METHOD_MATCH = YES;
				COPY_PHASE_STRIP = NO;
				DEBUG_INFORMATION_FORMAT = "dwarf-with-dsym";
				ENABLE_NS_ASSERTIONS = NO;
				ENABLE_STRICT_OBJC_MSGSEND = YES;
				ENABLE_USER_SCRIPT_SANDBOXING = YES;
				GCC_C_LANGUAGE_STANDARD = gnu17;
				GCC_NO_COMMON_BLOCKS = YES;
				GCC_WARN_64_TO_32_BIT_CONVERSION = YES;
				GCC_WARN_ABOUT_RETURN_TYPE = YES_ERROR;
				GCC_WARN_UNDECLARED_SELECTOR = YES;
				GCC_WARN_UNINITIALIZED_AUTOS = YES_AGGRESSIVE;
				GCC_WARN_UNUSED_FUNCTION = YES;
				GCC_WARN_UNUSED_VARIABLE = YES;
				IPHONEOS_DEPLOYMENT_TARGET = 17.2;
				LOCALIZATION_PREFERS_STRING_CATALOGS = YES;
				MTL_ENABLE_DEBUG_INFO = NO;
				MTL_FAST_MATH = YES;
				SDKROOT = iphoneos;
				SWIFT_COMPILATION_MODE = wholemodule;
				VALIDATE_PRODUCT = YES;
			};
			name = Release;
		};
		9392A7E22C5DEBC90015DD01 /* Debug */ = {
			isa = XCBuildConfiguration;
			buildSettings = {
				ASSETCATALOG_COMPILER_APPICON_NAME = AppIcon;
				ASSETCATALOG_COMPILER_GLOBAL_ACCENT_COLOR_NAME = AccentColor;
				CODE_SIGN_STYLE = Automatic;
				CURRENT_PROJECT_VERSION = 1;
				DEVELOPMENT_TEAM = 89A8TBLJ52;
				GENERATE_INFOPLIST_FILE = YES;
				INFOPLIST_FILE = GitHubRepository/Info.plist;
				INFOPLIST_KEY_UIApplicationSupportsIndirectInputEvents = YES;
				INFOPLIST_KEY_UILaunchStoryboardName = LaunchScreen;
				INFOPLIST_KEY_UISupportedInterfaceOrientations_iPad = "UIInterfaceOrientationPortrait UIInterfaceOrientationPortraitUpsideDown UIInterfaceOrientationLandscapeLeft UIInterfaceOrientationLandscapeRight";
				INFOPLIST_KEY_UISupportedInterfaceOrientations_iPhone = "UIInterfaceOrientationPortrait UIInterfaceOrientationLandscapeLeft UIInterfaceOrientationLandscapeRight";
				LD_RUNPATH_SEARCH_PATHS = (
					"$(inherited)",
					"@executable_path/Frameworks",
				);
				MARKETING_VERSION = 1.0;
				PRODUCT_BUNDLE_IDENTIFIER = com.vtanev.GitHubRepository;
				PRODUCT_NAME = "$(TARGET_NAME)";
				SWIFT_EMIT_LOC_STRINGS = YES;
				SWIFT_VERSION = 5.0;
				TARGETED_DEVICE_FAMILY = "1,2";
			};
			name = Debug;
		};
		9392A7E32C5DEBC90015DD01 /* Release */ = {
			isa = XCBuildConfiguration;
			buildSettings = {
				ASSETCATALOG_COMPILER_APPICON_NAME = AppIcon;
				ASSETCATALOG_COMPILER_GLOBAL_ACCENT_COLOR_NAME = AccentColor;
				CODE_SIGN_STYLE = Automatic;
				CURRENT_PROJECT_VERSION = 1;
				DEVELOPMENT_TEAM = 89A8TBLJ52;
				GENERATE_INFOPLIST_FILE = YES;
				INFOPLIST_FILE = GitHubRepository/Info.plist;
				INFOPLIST_KEY_UIApplicationSupportsIndirectInputEvents = YES;
				INFOPLIST_KEY_UILaunchStoryboardName = LaunchScreen;
				INFOPLIST_KEY_UISupportedInterfaceOrientations_iPad = "UIInterfaceOrientationPortrait UIInterfaceOrientationPortraitUpsideDown UIInterfaceOrientationLandscapeLeft UIInterfaceOrientationLandscapeRight";
				INFOPLIST_KEY_UISupportedInterfaceOrientations_iPhone = "UIInterfaceOrientationPortrait UIInterfaceOrientationLandscapeLeft UIInterfaceOrientationLandscapeRight";
				LD_RUNPATH_SEARCH_PATHS = (
					"$(inherited)",
					"@executable_path/Frameworks",
				);
				MARKETING_VERSION = 1.0;
				PRODUCT_BUNDLE_IDENTIFIER = com.vtanev.GitHubRepository;
				PRODUCT_NAME = "$(TARGET_NAME)";
				SWIFT_EMIT_LOC_STRINGS = YES;
				SWIFT_VERSION = 5.0;
				TARGETED_DEVICE_FAMILY = "1,2";
			};
			name = Release;
		};
		9392A7E52C5DEBC90015DD01 /* Debug */ = {
			isa = XCBuildConfiguration;
			buildSettings = {
				ALWAYS_EMBED_SWIFT_STANDARD_LIBRARIES = YES;
				BUNDLE_LOADER = "$(TEST_HOST)";
				CODE_SIGN_STYLE = Automatic;
				CURRENT_PROJECT_VERSION = 1;
				DEVELOPMENT_TEAM = 89A8TBLJ52;
				GENERATE_INFOPLIST_FILE = YES;
				IPHONEOS_DEPLOYMENT_TARGET = 17.2;
				MARKETING_VERSION = 1.0;
				PRODUCT_BUNDLE_IDENTIFIER = com.vtanev.GitHubRepositoryTests;
				PRODUCT_NAME = "$(TARGET_NAME)";
				SWIFT_EMIT_LOC_STRINGS = NO;
				SWIFT_VERSION = 5.0;
				TARGETED_DEVICE_FAMILY = "1,2";
				TEST_HOST = "$(BUILT_PRODUCTS_DIR)/GitHubRepository.app/$(BUNDLE_EXECUTABLE_FOLDER_PATH)/GitHubRepository";
			};
			name = Debug;
		};
		9392A7E62C5DEBC90015DD01 /* Release */ = {
			isa = XCBuildConfiguration;
			buildSettings = {
				ALWAYS_EMBED_SWIFT_STANDARD_LIBRARIES = YES;
				BUNDLE_LOADER = "$(TEST_HOST)";
				CODE_SIGN_STYLE = Automatic;
				CURRENT_PROJECT_VERSION = 1;
				DEVELOPMENT_TEAM = 89A8TBLJ52;
				GENERATE_INFOPLIST_FILE = YES;
				IPHONEOS_DEPLOYMENT_TARGET = 17.2;
				MARKETING_VERSION = 1.0;
				PRODUCT_BUNDLE_IDENTIFIER = com.vtanev.GitHubRepositoryTests;
				PRODUCT_NAME = "$(TARGET_NAME)";
				SWIFT_EMIT_LOC_STRINGS = NO;
				SWIFT_VERSION = 5.0;
				TARGETED_DEVICE_FAMILY = "1,2";
				TEST_HOST = "$(BUILT_PRODUCTS_DIR)/GitHubRepository.app/$(BUNDLE_EXECUTABLE_FOLDER_PATH)/GitHubRepository";
			};
			name = Release;
		};
/* End XCBuildConfiguration section */

/* Begin XCConfigurationList section */
		9392A7B22C5DEBC60015DD01 /* Build configuration list for PBXProject "GitHubRepository" */ = {
			isa = XCConfigurationList;
			buildConfigurations = (
				9392A7DF2C5DEBC90015DD01 /* Debug */,
				9392A7E02C5DEBC90015DD01 /* Release */,
			);
			defaultConfigurationIsVisible = 0;
			defaultConfigurationName = Release;
		};
		9392A7E12C5DEBC90015DD01 /* Build configuration list for PBXNativeTarget "GitHubRepository" */ = {
			isa = XCConfigurationList;
			buildConfigurations = (
				9392A7E22C5DEBC90015DD01 /* Debug */,
				9392A7E32C5DEBC90015DD01 /* Release */,
			);
			defaultConfigurationIsVisible = 0;
			defaultConfigurationName = Release;
		};
		9392A7E42C5DEBC90015DD01 /* Build configuration list for PBXNativeTarget "GitHubRepositoryTests" */ = {
			isa = XCConfigurationList;
			buildConfigurations = (
				9392A7E52C5DEBC90015DD01 /* Debug */,
				9392A7E62C5DEBC90015DD01 /* Release */,
			);
			defaultConfigurationIsVisible = 0;
			defaultConfigurationName = Release;
		};
/* End XCConfigurationList section */
	};
	rootObject = 9392A7AF2C5DEBC60015DD01 /* Project object */;
}
